
Microsoft Visual Studio Solution File, Format Version 12.00
# Visual Studio Version 17
VisualStudioVersion = 17.3.32929.385
MinimumVisualStudioVersion = 10.0.40219.1
Project("{9A19103F-16F7-4668-BE54-9A1E7A4F7556}") = "01._Energy_Drinks", "01._Energy_Drinks\01._Energy_Drinks.csproj", "{5527E60E-ADF7-45EE-B27F-0072012778E3}"
EndProject
Project("{9A19103F-16F7-4668-BE54-9A1E7A4F7556}") = "02._Rally_Racing", "02._Rally_Racing\02._Rally_Racing.csproj", "{3D51943C-F2E6-4FBB-B448-730092EA8850}"
EndProject
Global
	GlobalSection(SolutionConfigurationPlatforms) = preSolution
		Debug|Any CPU = Debug|Any CPU
		Release|Any CPU = Release|Any CPU
	EndGlobalSection
	GlobalSection(ProjectConfigurationPlatforms) = postSolution
		{5527E60E-ADF7-45EE-B27F-0072012778E3}.Debug|Any CPU.ActiveCfg = Debug|Any CPU
		{5527E60E-ADF7-45EE-B27F-0072012778E3}.Debug|Any CPU.Build.0 = Debug|Any CPU
		{5527E60E-ADF7-45EE-B27F-0072012778E3}.Release|Any CPU.ActiveCfg = Release|Any CPU
		{5527E60E-ADF7-45EE-B27F-0072012778E3}.Release|Any CPU.Build.0 = Release|Any CPU
		{3D51943C-F2E6-4FBB-B448-730092EA8850}.Debug|Any CPU.ActiveCfg = Debug|Any CPU
		{3D51943C-F2E6-4FBB-B448-730092EA8850}.Debug|Any CPU.Build.0 = Debug|Any CPU
		{3D51943C-F2E6-4FBB-B448-730092EA8850}.Release|Any CPU.ActiveCfg = Release|Any CPU
		{3D51943C-F2E6-4FBB-B448-730092EA8850}.Release|Any CPU.Build.0 = Release|Any CPU
	EndGlobalSection
	GlobalSection(SolutionProperties) = preSolution
		HideSolutionNode = FALSE
	EndGlobalSection
	GlobalSection(ExtensibilityGlobals) = postSolution
		SolutionGuid = {57E8E685-5FEC-4AEF-BFA9-C3D6F50F9C21}
	EndGlobalSection
EndGlobal
